
Microsoft Visual Studio Solution File, Format Version 12.00
# Visual Studio 2015
Project("{FAE04EC0-301F-11D3-BF4B-00C04F79EFBC}") = "Sonem Bleining", "Sonem Bleining.csproj", "{B3A2C1CC-EB92-A7DC-A624-C742F3F63926}"
EndProject
Project("{FAE04EC0-301F-11D3-BF4B-00C04F79EFBC}") = "Sonem Bleining.Editor", "Sonem Bleining.Editor.csproj", "{C0D075D9-C57B-0DD8-358F-C84AA2411D94}"
EndProject
Global
	GlobalSection(SolutionConfigurationPlatforms) = preSolution
		Debug|Any CPU = Debug|Any CPU
		Release|Any CPU = Release|Any CPU
	EndGlobalSection
	GlobalSection(ProjectConfigurationPlatforms) = postSolution
		{B3A2C1CC-EB92-A7DC-A624-C742F3F63926}.Debug|Any CPU.ActiveCfg = Debug|Any CPU
		{B3A2C1CC-EB92-A7DC-A624-C742F3F63926}.Debug|Any CPU.Build.0 = Debug|Any CPU
		{B3A2C1CC-EB92-A7DC-A624-C742F3F63926}.Release|Any CPU.ActiveCfg = Release|Any CPU
		{B3A2C1CC-EB92-A7DC-A624-C742F3F63926}.Release|Any CPU.Build.0 = Release|Any CPU
		{C0D075D9-C57B-0DD8-358F-C84AA2411D94}.Debug|Any CPU.ActiveCfg = Debug|Any CPU
		{C0D075D9-C57B-0DD8-358F-C84AA2411D94}.Debug|Any CPU.Build.0 = Debug|Any CPU
		{C0D075D9-C57B-0DD8-358F-C84AA2411D94}.Release|Any CPU.ActiveCfg = Release|Any CPU
		{C0D075D9-C57B-0DD8-358F-C84AA2411D94}.Release|Any CPU.Build.0 = Release|Any CPU
	EndGlobalSection
	GlobalSection(SolutionProperties) = preSolution
		HideSolutionNode = FALSE
	EndGlobalSection
EndGlobal
